
Microsoft Visual Studio Solution File, Format Version 12.00
# Visual Studio 14
VisualStudioVersion = 14.0.24720.0
MinimumVisualStudioVersion = 10.0.40219.1
Project("{FAE04EC0-301F-11D3-BF4B-00C04F79EFBC}") = "EventDemo", "EventDemo\EventDemo.csproj", "{5B65C6DD-8D62-4D67-B083-C66D7CE1FB8A}"
EndProject
Project("{FAE04EC0-301F-11D3-BF4B-00C04F79EFBC}") = "DpDemo", "DpDemo\DpDemo.csproj", "{DCB60FEC-C458-47D1-B199-6BD98165DDA2}"
EndProject
Project("{FAE04EC0-301F-11D3-BF4B-00C04F79EFBC}") = "StyleDemo", "StyleDemo\StyleDemo.csproj", "{4BF14293-E7C6-4025-8AEF-F68271BE2B72}"
EndProject
Project("{FAE04EC0-301F-11D3-BF4B-00C04F79EFBC}") = "DialogDemo", "DialogDemo\DialogDemo.csproj", "{CE41B374-C836-4DB5-91FD-0DB32374C6F3}"
EndProject
Project("{FAE04EC0-301F-11D3-BF4B-00C04F79EFBC}") = "Watch", "Watch\Watch.csproj", "{56AAC01A-435A-44FD-8AF0-0D5ACAA3D1CC}"
EndProject
Project("{FAE04EC0-301F-11D3-BF4B-00C04F79EFBC}") = "AnimateDEMO", "AnimateDEMO\AnimateDEMO.csproj", "{FED5F602-6FB2-46CD-9840-8E1F07FBD58B}"
EndProject
Project("{FAE04EC0-301F-11D3-BF4B-00C04F79EFBC}") = "CommandDemo", "CommonDemo\CommandDemo.csproj", "{1A6F5E3C-F9FB-42BB-9F0A-6A03B683EF8F}"
EndProject
Project("{FAE04EC0-301F-11D3-BF4B-00C04F79EFBC}") = "WebViewDemo", "WebViewDemo\WebViewDemo.csproj", "{2F6F3D17-7F84-4B9D-A938-2B6338D3E4B7}"
EndProject
Project("{FAE04EC0-301F-11D3-BF4B-00C04F79EFBC}") = "ResourceDemo", "ResourceDemo\ResourceDemo.csproj", "{7F6099AC-955E-40AF-A82D-D6A03ADF9B78}"
EndProject
Project("{FAE04EC0-301F-11D3-BF4B-00C04F79EFBC}") = "FileDemo", "FileDemo\FileDemo.csproj", "{547384B1-F975-432B-8C4A-2083D29832DC}"
EndProject
Project("{FAE04EC0-301F-11D3-BF4B-00C04F79EFBC}") = "ControlDemo", "ControlDemo\ControlDemo.csproj", "{D414AB99-4417-45FE-8FD8-C8A8B2153C0E}"
EndProject
Project("{2150E333-8FDC-42A3-9474-1A3956D46DE8}") = "Solution Items", "Solution Items", "{11F6D367-CD2B-48F6-830C-5F9D396F2678}"
	ProjectSection(SolutionItems) = preProject
		README.md = README.md
	EndProjectSection
EndProject
Project("{FAE04EC0-301F-11D3-BF4B-00C04F79EFBC}") = "NetDemo", "NetDemo\NetDemo.csproj", "{F1C7B87E-94D9-4FAC-A743-5ED88452B947}"
EndProject
Project("{FAE04EC0-301F-11D3-BF4B-00C04F79EFBC}") = "TaskDemo", "TaskDemo\TaskDemo.csproj", "{6C913D37-65D5-4F2C-AF64-5C7FCB74BFB0}"
EndProject
Project("{FAE04EC0-301F-11D3-BF4B-00C04F79EFBC}") = "ToolkitDemo", "ToolkitDemo\ToolkitDemo.csproj", "{20B936E3-2CFB-4CA9-8304-7FF2506B8BB3}"
EndProject
Project("{FAE04EC0-301F-11D3-BF4B-00C04F79EFBC}") = "ListViewDemo", "ListViewDemo\ListViewDemo.csproj", "{C5B1C517-5650-4C5A-9ABD-AF6AE311C139}"
EndProject
Project("{FAE04EC0-301F-11D3-BF4B-00C04F79EFBC}") = "GestureDemo", "GestureDemo\GestureDemo.csproj", "{D295716B-E956-4FF7-8CFA-65AAB5540C39}"
EndProject
Project("{FAE04EC0-301F-11D3-BF4B-00C04F79EFBC}") = "GridViewDemo", "GridViewDemo\GridViewDemo.csproj", "{CC4C96B1-876B-4E47-9035-718CB48AAB3C}"
EndProject
Project("{FAE04EC0-301F-11D3-BF4B-00C04F79EFBC}") = "SomeTestDemo", "SomeTestDemo\SomeTestDemo.csproj", "{A375A1F0-B309-418F-83D3-F01D1C94FB0D}"
EndProject
Global
	GlobalSection(SolutionConfigurationPlatforms) = preSolution
		Debug|ARM = Debug|ARM
		Debug|x64 = Debug|x64
		Debug|x86 = Debug|x86
		Release|ARM = Release|ARM
		Release|x64 = Release|x64
		Release|x86 = Release|x86
	EndGlobalSection
	GlobalSection(ProjectConfigurationPlatforms) = postSolution
		{5B65C6DD-8D62-4D67-B083-C66D7CE1FB8A}.Debug|ARM.ActiveCfg = Debug|ARM
		{5B65C6DD-8D62-4D67-B083-C66D7CE1FB8A}.Debug|ARM.Build.0 = Debug|ARM
		{5B65C6DD-8D62-4D67-B083-C66D7CE1FB8A}.Debug|ARM.Deploy.0 = Debug|ARM
		{5B65C6DD-8D62-4D67-B083-C66D7CE1FB8A}.Debug|x64.ActiveCfg = Debug|x64
		{5B65C6DD-8D62-4D67-B083-C66D7CE1FB8A}.Debug|x64.Build.0 = Debug|x64
		{5B65C6DD-8D62-4D67-B083-C66D7CE1FB8A}.Debug|x64.Deploy.0 = Debug|x64
		{5B65C6DD-8D62-4D67-B083-C66D7CE1FB8A}.Debug|x86.ActiveCfg = Debug|x86
		{5B65C6DD-8D62-4D67-B083-C66D7CE1FB8A}.Debug|x86.Build.0 = Debug|x86
		{5B65C6DD-8D62-4D67-B083-C66D7CE1FB8A}.Debug|x86.Deploy.0 = Debug|x86
		{5B65C6DD-8D62-4D67-B083-C66D7CE1FB8A}.Release|ARM.ActiveCfg = Release|ARM
		{5B65C6DD-8D62-4D67-B083-C66D7CE1FB8A}.Release|ARM.Build.0 = Release|ARM
		{5B65C6DD-8D62-4D67-B083-C66D7CE1FB8A}.Release|ARM.Deploy.0 = Release|ARM
		{5B65C6DD-8D62-4D67-B083-C66D7CE1FB8A}.Release|x64.ActiveCfg = Release|x64
		{5B65C6DD-8D62-4D67-B083-C66D7CE1FB8A}.Release|x64.Build.0 = Release|x64
		{5B65C6DD-8D62-4D67-B083-C66D7CE1FB8A}.Release|x64.Deploy.0 = Release|x64
		{5B65C6DD-8D62-4D67-B083-C66D7CE1FB8A}.Release|x86.ActiveCfg = Release|x86
		{5B65C6DD-8D62-4D67-B083-C66D7CE1FB8A}.Release|x86.Build.0 = Release|x86
		{5B65C6DD-8D62-4D67-B083-C66D7CE1FB8A}.Release|x86.Deploy.0 = Release|x86
		{DCB60FEC-C458-47D1-B199-6BD98165DDA2}.Debug|ARM.ActiveCfg = Debug|ARM
		{DCB60FEC-C458-47D1-B199-6BD98165DDA2}.Debug|ARM.Build.0 = Debug|ARM
		{DCB60FEC-C458-47D1-B199-6BD98165DDA2}.Debug|ARM.Deploy.0 = Debug|ARM
		{DCB60FEC-C458-47D1-B199-6BD98165DDA2}.Debug|x64.ActiveCfg = Debug|x64
		{DCB60FEC-C458-47D1-B199-6BD98165DDA2}.Debug|x64.Build.0 = Debug|x64
		{DCB60FEC-C458-47D1-B199-6BD98165DDA2}.Debug|x64.Deploy.0 = Debug|x64
		{DCB60FEC-C458-47D1-B199-6BD98165DDA2}.Debug|x86.ActiveCfg = Debug|x86
		{DCB60FEC-C458-47D1-B199-6BD98165DDA2}.Debug|x86.Build.0 = Debug|x86
		{DCB60FEC-C458-47D1-B199-6BD98165DDA2}.Debug|x86.Deploy.0 = Debug|x86
		{DCB60FEC-C458-47D1-B199-6BD98165DDA2}.Release|ARM.ActiveCfg = Release|ARM
		{DCB60FEC-C458-47D1-B199-6BD98165DDA2}.Release|ARM.Build.0 = Release|ARM
		{DCB60FEC-C458-47D1-B199-6BD98165DDA2}.Release|ARM.Deploy.0 = Release|ARM
		{DCB60FEC-C458-47D1-B199-6BD98165DDA2}.Release|x64.ActiveCfg = Release|x64
		{DCB60FEC-C458-47D1-B199-6BD98165DDA2}.Release|x64.Build.0 = Release|x64
		{DCB60FEC-C458-47D1-B199-6BD98165DDA2}.Release|x64.Deploy.0 = Release|x64
		{DCB60FEC-C458-47D1-B199-6BD98165DDA2}.Release|x86.ActiveCfg = Release|x86
		{DCB60FEC-C458-47D1-B199-6BD98165DDA2}.Release|x86.Build.0 = Release|x86
		{DCB60FEC-C458-47D1-B199-6BD98165DDA2}.Release|x86.Deploy.0 = Release|x86
		{4BF14293-E7C6-4025-8AEF-F68271BE2B72}.Debug|ARM.ActiveCfg = Debug|ARM
		{4BF14293-E7C6-4025-8AEF-F68271BE2B72}.Debug|ARM.Build.0 = Debug|ARM
		{4BF14293-E7C6-4025-8AEF-F68271BE2B72}.Debug|ARM.Deploy.0 = Debug|ARM
		{4BF14293-E7C6-4025-8AEF-F68271BE2B72}.Debug|x64.ActiveCfg = Debug|x64
		{4BF14293-E7C6-4025-8AEF-F68271BE2B72}.Debug|x64.Build.0 = Debug|x64
		{4BF14293-E7C6-4025-8AEF-F68271BE2B72}.Debug|x64.Deploy.0 = Debug|x64
		{4BF14293-E7C6-4025-8AEF-F68271BE2B72}.Debug|x86.ActiveCfg = Debug|x86
		{4BF14293-E7C6-4025-8AEF-F68271BE2B72}.Debug|x86.Build.0 = Debug|x86
		{4BF14293-E7C6-4025-8AEF-F68271BE2B72}.Debug|x86.Deploy.0 = Debug|x86
		{4BF14293-E7C6-4025-8AEF-F68271BE2B72}.Release|ARM.ActiveCfg = Release|ARM
		{4BF14293-E7C6-4025-8AEF-F68271BE2B72}.Release|ARM.Build.0 = Release|ARM
		{4BF14293-E7C6-4025-8AEF-F68271BE2B72}.Release|ARM.Deploy.0 = Release|ARM
		{4BF14293-E7C6-4025-8AEF-F68271BE2B72}.Release|x64.ActiveCfg = Release|x64
		{4BF14293-E7C6-4025-8AEF-F68271BE2B72}.Release|x64.Build.0 = Release|x64
		{4BF14293-E7C6-4025-8AEF-F68271BE2B72}.Release|x64.Deploy.0 = Release|x64
		{4BF14293-E7C6-4025-8AEF-F68271BE2B72}.Release|x86.ActiveCfg = Release|x86
		{4BF14293-E7C6-4025-8AEF-F68271BE2B72}.Release|x86.Build.0 = Release|x86
		{4BF14293-E7C6-4025-8AEF-F68271BE2B72}.Release|x86.Deploy.0 = Release|x86
		{CE41B374-C836-4DB5-91FD-0DB32374C6F3}.Debug|ARM.ActiveCfg = Debug|ARM
		{CE41B374-C836-4DB5-91FD-0DB32374C6F3}.Debug|ARM.Build.0 = Debug|ARM
		{CE41B374-C836-4DB5-91FD-0DB32374C6F3}.Debug|ARM.Deploy.0 = Debug|ARM
		{CE41B374-C836-4DB5-91FD-0DB32374C6F3}.Debug|x64.ActiveCfg = Debug|x64
		{CE41B374-C836-4DB5-91FD-0DB32374C6F3}.Debug|x64.Build.0 = Debug|x64
		{CE41B374-C836-4DB5-91FD-0DB32374C6F3}.Debug|x64.Deploy.0 = Debug|x64
		{CE41B374-C836-4DB5-91FD-0DB32374C6F3}.Debug|x86.ActiveCfg = Debug|x86
		{CE41B374-C836-4DB5-91FD-0DB32374C6F3}.Debug|x86.Build.0 = Debug|x86
		{CE41B374-C836-4DB5-91FD-0DB32374C6F3}.Debug|x86.Deploy.0 = Debug|x86
		{CE41B374-C836-4DB5-91FD-0DB32374C6F3}.Release|ARM.ActiveCfg = Release|ARM
		{CE41B374-C836-4DB5-91FD-0DB32374C6F3}.Release|ARM.Build.0 = Release|ARM
		{CE41B374-C836-4DB5-91FD-0DB32374C6F3}.Release|ARM.Deploy.0 = Release|ARM
		{CE41B374-C836-4DB5-91FD-0DB32374C6F3}.Release|x64.ActiveCfg = Release|x64
		{CE41B374-C836-4DB5-91FD-0DB32374C6F3}.Release|x64.Build.0 = Release|x64
		{CE41B374-C836-4DB5-91FD-0DB32374C6F3}.Release|x64.Deploy.0 = Release|x64
		{CE41B374-C836-4DB5-91FD-0DB32374C6F3}.Release|x86.ActiveCfg = Release|x86
		{CE41B374-C836-4DB5-91FD-0DB32374C6F3}.Release|x86.Build.0 = Release|x86
		{CE41B374-C836-4DB5-91FD-0DB32374C6F3}.Release|x86.Deploy.0 = Release|x86
		{56AAC01A-435A-44FD-8AF0-0D5ACAA3D1CC}.Debug|ARM.ActiveCfg = Debug|ARM
		{56AAC01A-435A-44FD-8AF0-0D5ACAA3D1CC}.Debug|ARM.Build.0 = Debug|ARM
		{56AAC01A-435A-44FD-8AF0-0D5ACAA3D1CC}.Debug|ARM.Deploy.0 = Debug|ARM
		{56AAC01A-435A-44FD-8AF0-0D5ACAA3D1CC}.Debug|x64.ActiveCfg = Debug|x64
		{56AAC01A-435A-44FD-8AF0-0D5ACAA3D1CC}.Debug|x64.Build.0 = Debug|x64
		{56AAC01A-435A-44FD-8AF0-0D5ACAA3D1CC}.Debug|x64.Deploy.0 = Debug|x64
		{56AAC01A-435A-44FD-8AF0-0D5ACAA3D1CC}.Debug|x86.ActiveCfg = Debug|x86
		{56AAC01A-435A-44FD-8AF0-0D5ACAA3D1CC}.Debug|x86.Build.0 = Debug|x86
		{56AAC01A-435A-44FD-8AF0-0D5ACAA3D1CC}.Debug|x86.Deploy.0 = Debug|x86
		{56AAC01A-435A-44FD-8AF0-0D5ACAA3D1CC}.Release|ARM.ActiveCfg = Release|ARM
		{56AAC01A-435A-44FD-8AF0-0D5ACAA3D1CC}.Release|ARM.Build.0 = Release|ARM
		{56AAC01A-435A-44FD-8AF0-0D5ACAA3D1CC}.Release|ARM.Deploy.0 = Release|ARM
		{56AAC01A-435A-44FD-8AF0-0D5ACAA3D1CC}.Release|x64.ActiveCfg = Release|x64
		{56AAC01A-435A-44FD-8AF0-0D5ACAA3D1CC}.Release|x64.Build.0 = Release|x64
		{56AAC01A-435A-44FD-8AF0-0D5ACAA3D1CC}.Release|x64.Deploy.0 = Release|x64
		{56AAC01A-435A-44FD-8AF0-0D5ACAA3D1CC}.Release|x86.ActiveCfg = Release|x86
		{56AAC01A-435A-44FD-8AF0-0D5ACAA3D1CC}.Release|x86.Build.0 = Release|x86
		{56AAC01A-435A-44FD-8AF0-0D5ACAA3D1CC}.Release|x86.Deploy.0 = Release|x86
		{FED5F602-6FB2-46CD-9840-8E1F07FBD58B}.Debug|ARM.ActiveCfg = Debug|ARM
		{FED5F602-6FB2-46CD-9840-8E1F07FBD58B}.Debug|ARM.Build.0 = Debug|ARM
		{FED5F602-6FB2-46CD-9840-8E1F07FBD58B}.Debug|ARM.Deploy.0 = Debug|ARM
		{FED5F602-6FB2-46CD-9840-8E1F07FBD58B}.Debug|x64.ActiveCfg = Debug|x64
		{FED5F602-6FB2-46CD-9840-8E1F07FBD58B}.Debug|x64.Build.0 = Debug|x64
		{FED5F602-6FB2-46CD-9840-8E1F07FBD58B}.Debug|x64.Deploy.0 = Debug|x64
		{FED5F602-6FB2-46CD-9840-8E1F07FBD58B}.Debug|x86.ActiveCfg = Debug|x86
		{FED5F602-6FB2-46CD-9840-8E1F07FBD58B}.Debug|x86.Build.0 = Debug|x86
		{FED5F602-6FB2-46CD-9840-8E1F07FBD58B}.Debug|x86.Deploy.0 = Debug|x86
		{FED5F602-6FB2-46CD-9840-8E1F07FBD58B}.Release|ARM.ActiveCfg = Release|ARM
		{FED5F602-6FB2-46CD-9840-8E1F07FBD58B}.Release|ARM.Build.0 = Release|ARM
		{FED5F602-6FB2-46CD-9840-8E1F07FBD58B}.Release|ARM.Deploy.0 = Release|ARM
		{FED5F602-6FB2-46CD-9840-8E1F07FBD58B}.Release|x64.ActiveCfg = Release|x64
		{FED5F602-6FB2-46CD-9840-8E1F07FBD58B}.Release|x64.Build.0 = Release|x64
		{FED5F602-6FB2-46CD-9840-8E1F07FBD58B}.Release|x64.Deploy.0 = Release|x64
		{FED5F602-6FB2-46CD-9840-8E1F07FBD58B}.Release|x86.ActiveCfg = Release|x86
		{FED5F602-6FB2-46CD-9840-8E1F07FBD58B}.Release|x86.Build.0 = Release|x86
		{FED5F602-6FB2-46CD-9840-8E1F07FBD58B}.Release|x86.Deploy.0 = Release|x86
		{1A6F5E3C-F9FB-42BB-9F0A-6A03B683EF8F}.Debug|ARM.ActiveCfg = Debug|ARM
		{1A6F5E3C-F9FB-42BB-9F0A-6A03B683EF8F}.Debug|ARM.Build.0 = Debug|ARM
		{1A6F5E3C-F9FB-42BB-9F0A-6A03B683EF8F}.Debug|ARM.Deploy.0 = Debug|ARM
		{1A6F5E3C-F9FB-42BB-9F0A-6A03B683EF8F}.Debug|x64.ActiveCfg = Debug|x64
		{1A6F5E3C-F9FB-42BB-9F0A-6A03B683EF8F}.Debug|x64.Build.0 = Debug|x64
		{1A6F5E3C-F9FB-42BB-9F0A-6A03B683EF8F}.Debug|x64.Deploy.0 = Debug|x64
		{1A6F5E3C-F9FB-42BB-9F0A-6A03B683EF8F}.Debug|x86.ActiveCfg = Debug|x86
		{1A6F5E3C-F9FB-42BB-9F0A-6A03B683EF8F}.Debug|x86.Build.0 = Debug|x86
		{1A6F5E3C-F9FB-42BB-9F0A-6A03B683EF8F}.Debug|x86.Deploy.0 = Debug|x86
		{1A6F5E3C-F9FB-42BB-9F0A-6A03B683EF8F}.Release|ARM.ActiveCfg = Release|ARM
		{1A6F5E3C-F9FB-42BB-9F0A-6A03B683EF8F}.Release|ARM.Build.0 = Release|ARM
		{1A6F5E3C-F9FB-42BB-9F0A-6A03B683EF8F}.Release|ARM.Deploy.0 = Release|ARM
		{1A6F5E3C-F9FB-42BB-9F0A-6A03B683EF8F}.Release|x64.ActiveCfg = Release|x64
		{1A6F5E3C-F9FB-42BB-9F0A-6A03B683EF8F}.Release|x64.Build.0 = Release|x64
		{1A6F5E3C-F9FB-42BB-9F0A-6A03B683EF8F}.Release|x64.Deploy.0 = Release|x64
		{1A6F5E3C-F9FB-42BB-9F0A-6A03B683EF8F}.Release|x86.ActiveCfg = Release|x86
		{1A6F5E3C-F9FB-42BB-9F0A-6A03B683EF8F}.Release|x86.Build.0 = Release|x86
		{1A6F5E3C-F9FB-42BB-9F0A-6A03B683EF8F}.Release|x86.Deploy.0 = Release|x86
		{2F6F3D17-7F84-4B9D-A938-2B6338D3E4B7}.Debug|ARM.ActiveCfg = Debug|ARM
		{2F6F3D17-7F84-4B9D-A938-2B6338D3E4B7}.Debug|ARM.Build.0 = Debug|ARM
		{2F6F3D17-7F84-4B9D-A938-2B6338D3E4B7}.Debug|ARM.Deploy.0 = Debug|ARM
		{2F6F3D17-7F84-4B9D-A938-2B6338D3E4B7}.Debug|x64.ActiveCfg = Debug|x64
		{2F6F3D17-7F84-4B9D-A938-2B6338D3E4B7}.Debug|x64.Build.0 = Debug|x64
		{2F6F3D17-7F84-4B9D-A938-2B6338D3E4B7}.Debug|x64.Deploy.0 = Debug|x64
		{2F6F3D17-7F84-4B9D-A938-2B6338D3E4B7}.Debug|x86.ActiveCfg = Debug|x86
		{2F6F3D17-7F84-4B9D-A938-2B6338D3E4B7}.Debug|x86.Build.0 = Debug|x86
		{2F6F3D17-7F84-4B9D-A938-2B6338D3E4B7}.Debug|x86.Deploy.0 = Debug|x86
		{2F6F3D17-7F84-4B9D-A938-2B6338D3E4B7}.Release|ARM.ActiveCfg = Release|ARM
		{2F6F3D17-7F84-4B9D-A938-2B6338D3E4B7}.Release|ARM.Build.0 = Release|ARM
		{2F6F3D17-7F84-4B9D-A938-2B6338D3E4B7}.Release|ARM.Deploy.0 = Release|ARM
		{2F6F3D17-7F84-4B9D-A938-2B6338D3E4B7}.Release|x64.ActiveCfg = Release|x64
		{2F6F3D17-7F84-4B9D-A938-2B6338D3E4B7}.Release|x64.Build.0 = Release|x64
		{2F6F3D17-7F84-4B9D-A938-2B6338D3E4B7}.Release|x64.Deploy.0 = Release|x64
		{2F6F3D17-7F84-4B9D-A938-2B6338D3E4B7}.Release|x86.ActiveCfg = Release|x86
		{2F6F3D17-7F84-4B9D-A938-2B6338D3E4B7}.Release|x86.Build.0 = Release|x86
		{2F6F3D17-7F84-4B9D-A938-2B6338D3E4B7}.Release|x86.Deploy.0 = Release|x86
		{7F6099AC-955E-40AF-A82D-D6A03ADF9B78}.Debug|ARM.ActiveCfg = Debug|ARM
		{7F6099AC-955E-40AF-A82D-D6A03ADF9B78}.Debug|ARM.Build.0 = Debug|ARM
		{7F6099AC-955E-40AF-A82D-D6A03ADF9B78}.Debug|ARM.Deploy.0 = Debug|ARM
		{7F6099AC-955E-40AF-A82D-D6A03ADF9B78}.Debug|x64.ActiveCfg = Debug|x64
		{7F6099AC-955E-40AF-A82D-D6A03ADF9B78}.Debug|x64.Build.0 = Debug|x64
		{7F6099AC-955E-40AF-A82D-D6A03ADF9B78}.Debug|x64.Deploy.0 = Debug|x64
		{7F6099AC-955E-40AF-A82D-D6A03ADF9B78}.Debug|x86.ActiveCfg = Debug|x86
		{7F6099AC-955E-40AF-A82D-D6A03ADF9B78}.Debug|x86.Build.0 = Debug|x86
		{7F6099AC-955E-40AF-A82D-D6A03ADF9B78}.Debug|x86.Deploy.0 = Debug|x86
		{7F6099AC-955E-40AF-A82D-D6A03ADF9B78}.Release|ARM.ActiveCfg = Release|ARM
		{7F6099AC-955E-40AF-A82D-D6A03ADF9B78}.Release|ARM.Build.0 = Release|ARM
		{7F6099AC-955E-40AF-A82D-D6A03ADF9B78}.Release|ARM.Deploy.0 = Release|ARM
		{7F6099AC-955E-40AF-A82D-D6A03ADF9B78}.Release|x64.ActiveCfg = Release|x64
		{7F6099AC-955E-40AF-A82D-D6A03ADF9B78}.Release|x64.Build.0 = Release|x64
		{7F6099AC-955E-40AF-A82D-D6A03ADF9B78}.Release|x64.Deploy.0 = Release|x64
		{7F6099AC-955E-40AF-A82D-D6A03ADF9B78}.Release|x86.ActiveCfg = Release|x86
		{7F6099AC-955E-40AF-A82D-D6A03ADF9B78}.Release|x86.Build.0 = Release|x86
		{7F6099AC-955E-40AF-A82D-D6A03ADF9B78}.Release|x86.Deploy.0 = Release|x86
		{547384B1-F975-432B-8C4A-2083D29832DC}.Debug|ARM.ActiveCfg = Debug|ARM
		{547384B1-F975-432B-8C4A-2083D29832DC}.Debug|ARM.Build.0 = Debug|ARM
		{547384B1-F975-432B-8C4A-2083D29832DC}.Debug|ARM.Deploy.0 = Debug|ARM
		{547384B1-F975-432B-8C4A-2083D29832DC}.Debug|x64.ActiveCfg = Debug|x64
		{547384B1-F975-432B-8C4A-2083D29832DC}.Debug|x64.Build.0 = Debug|x64
		{547384B1-F975-432B-8C4A-2083D29832DC}.Debug|x64.Deploy.0 = Debug|x64
		{547384B1-F975-432B-8C4A-2083D29832DC}.Debug|x86.ActiveCfg = Debug|x86
		{547384B1-F975-432B-8C4A-2083D29832DC}.Debug|x86.Build.0 = Debug|x86
		{547384B1-F975-432B-8C4A-2083D29832DC}.Debug|x86.Deploy.0 = Debug|x86
		{547384B1-F975-432B-8C4A-2083D29832DC}.Release|ARM.ActiveCfg = Release|ARM
		{547384B1-F975-432B-8C4A-2083D29832DC}.Release|ARM.Build.0 = Release|ARM
		{547384B1-F975-432B-8C4A-2083D29832DC}.Release|ARM.Deploy.0 = Release|ARM
		{547384B1-F975-432B-8C4A-2083D29832DC}.Release|x64.ActiveCfg = Release|x64
		{547384B1-F975-432B-8C4A-2083D29832DC}.Release|x64.Build.0 = Release|x64
		{547384B1-F975-432B-8C4A-2083D29832DC}.Release|x64.Deploy.0 = Release|x64
		{547384B1-F975-432B-8C4A-2083D29832DC}.Release|x86.ActiveCfg = Release|x86
		{547384B1-F975-432B-8C4A-2083D29832DC}.Release|x86.Build.0 = Release|x86
		{547384B1-F975-432B-8C4A-2083D29832DC}.Release|x86.Deploy.0 = Release|x86
		{D414AB99-4417-45FE-8FD8-C8A8B2153C0E}.Debug|ARM.ActiveCfg = Debug|ARM
		{D414AB99-4417-45FE-8FD8-C8A8B2153C0E}.Debug|ARM.Build.0 = Debug|ARM
		{D414AB99-4417-45FE-8FD8-C8A8B2153C0E}.Debug|ARM.Deploy.0 = Debug|ARM
		{D414AB99-4417-45FE-8FD8-C8A8B2153C0E}.Debug|x64.ActiveCfg = Debug|x64
		{D414AB99-4417-45FE-8FD8-C8A8B2153C0E}.Debug|x64.Build.0 = Debug|x64
		{D414AB99-4417-45FE-8FD8-C8A8B2153C0E}.Debug|x64.Deploy.0 = Debug|x64
		{D414AB99-4417-45FE-8FD8-C8A8B2153C0E}.Debug|x86.ActiveCfg = Debug|x86
		{D414AB99-4417-45FE-8FD8-C8A8B2153C0E}.Debug|x86.Build.0 = Debug|x86
		{D414AB99-4417-45FE-8FD8-C8A8B2153C0E}.Debug|x86.Deploy.0 = Debug|x86
		{D414AB99-4417-45FE-8FD8-C8A8B2153C0E}.Release|ARM.ActiveCfg = Release|ARM
		{D414AB99-4417-45FE-8FD8-C8A8B2153C0E}.Release|ARM.Build.0 = Release|ARM
		{D414AB99-4417-45FE-8FD8-C8A8B2153C0E}.Release|ARM.Deploy.0 = Release|ARM
		{D414AB99-4417-45FE-8FD8-C8A8B2153C0E}.Release|x64.ActiveCfg = Release|x64
		{D414AB99-4417-45FE-8FD8-C8A8B2153C0E}.Release|x64.Build.0 = Release|x64
		{D414AB99-4417-45FE-8FD8-C8A8B2153C0E}.Release|x64.Deploy.0 = Release|x64
		{D414AB99-4417-45FE-8FD8-C8A8B2153C0E}.Release|x86.ActiveCfg = Release|x86
		{D414AB99-4417-45FE-8FD8-C8A8B2153C0E}.Release|x86.Build.0 = Release|x86
		{D414AB99-4417-45FE-8FD8-C8A8B2153C0E}.Release|x86.Deploy.0 = Release|x86
		{F1C7B87E-94D9-4FAC-A743-5ED88452B947}.Debug|ARM.ActiveCfg = Debug|ARM
		{F1C7B87E-94D9-4FAC-A743-5ED88452B947}.Debug|ARM.Build.0 = Debug|ARM
		{F1C7B87E-94D9-4FAC-A743-5ED88452B947}.Debug|ARM.Deploy.0 = Debug|ARM
		{F1C7B87E-94D9-4FAC-A743-5ED88452B947}.Debug|x64.ActiveCfg = Debug|x64
		{F1C7B87E-94D9-4FAC-A743-5ED88452B947}.Debug|x64.Build.0 = Debug|x64
		{F1C7B87E-94D9-4FAC-A743-5ED88452B947}.Debug|x64.Deploy.0 = Debug|x64
		{F1C7B87E-94D9-4FAC-A743-5ED88452B947}.Debug|x86.ActiveCfg = Debug|x86
		{F1C7B87E-94D9-4FAC-A743-5ED88452B947}.Debug|x86.Build.0 = Debug|x86
		{F1C7B87E-94D9-4FAC-A743-5ED88452B947}.Debug|x86.Deploy.0 = Debug|x86
		{F1C7B87E-94D9-4FAC-A743-5ED88452B947}.Release|ARM.ActiveCfg = Release|ARM
		{F1C7B87E-94D9-4FAC-A743-5ED88452B947}.Release|ARM.Build.0 = Release|ARM
		{F1C7B87E-94D9-4FAC-A743-5ED88452B947}.Release|ARM.Deploy.0 = Release|ARM
		{F1C7B87E-94D9-4FAC-A743-5ED88452B947}.Release|x64.ActiveCfg = Release|x64
		{F1C7B87E-94D9-4FAC-A743-5ED88452B947}.Release|x64.Build.0 = Release|x64
		{F1C7B87E-94D9-4FAC-A743-5ED88452B947}.Release|x64.Deploy.0 = Release|x64
		{F1C7B87E-94D9-4FAC-A743-5ED88452B947}.Release|x86.ActiveCfg = Release|x86
		{F1C7B87E-94D9-4FAC-A743-5ED88452B947}.Release|x86.Build.0 = Release|x86
		{F1C7B87E-94D9-4FAC-A743-5ED88452B947}.Release|x86.Deploy.0 = Release|x86
		{6C913D37-65D5-4F2C-AF64-5C7FCB74BFB0}.Debug|ARM.ActiveCfg = Debug|ARM
		{6C913D37-65D5-4F2C-AF64-5C7FCB74BFB0}.Debug|ARM.Build.0 = Debug|ARM
		{6C913D37-65D5-4F2C-AF64-5C7FCB74BFB0}.Debug|ARM.Deploy.0 = Debug|ARM
		{6C913D37-65D5-4F2C-AF64-5C7FCB74BFB0}.Debug|x64.ActiveCfg = Debug|x64
		{6C913D37-65D5-4F2C-AF64-5C7FCB74BFB0}.Debug|x64.Build.0 = Debug|x64
		{6C913D37-65D5-4F2C-AF64-5C7FCB74BFB0}.Debug|x64.Deploy.0 = Debug|x64
		{6C913D37-65D5-4F2C-AF64-5C7FCB74BFB0}.Debug|x86.ActiveCfg = Debug|x86
		{6C913D37-65D5-4F2C-AF64-5C7FCB74BFB0}.Debug|x86.Build.0 = Debug|x86
		{6C913D37-65D5-4F2C-AF64-5C7FCB74BFB0}.Debug|x86.Deploy.0 = Debug|x86
		{6C913D37-65D5-4F2C-AF64-5C7FCB74BFB0}.Release|ARM.ActiveCfg = Release|ARM
		{6C913D37-65D5-4F2C-AF64-5C7FCB74BFB0}.Release|ARM.Build.0 = Release|ARM
		{6C913D37-65D5-4F2C-AF64-5C7FCB74BFB0}.Release|ARM.Deploy.0 = Release|ARM
		{6C913D37-65D5-4F2C-AF64-5C7FCB74BFB0}.Release|x64.ActiveCfg = Release|x64
		{6C913D37-65D5-4F2C-AF64-5C7FCB74BFB0}.Release|x64.Build.0 = Release|x64
		{6C913D37-65D5-4F2C-AF64-5C7FCB74BFB0}.Release|x64.Deploy.0 = Release|x64
		{6C913D37-65D5-4F2C-AF64-5C7FCB74BFB0}.Release|x86.ActiveCfg = Release|x86
		{6C913D37-65D5-4F2C-AF64-5C7FCB74BFB0}.Release|x86.Build.0 = Release|x86
		{6C913D37-65D5-4F2C-AF64-5C7FCB74BFB0}.Release|x86.Deploy.0 = Release|x86
		{20B936E3-2CFB-4CA9-8304-7FF2506B8BB3}.Debug|ARM.ActiveCfg = Debug|ARM
		{20B936E3-2CFB-4CA9-8304-7FF2506B8BB3}.Debug|ARM.Build.0 = Debug|ARM
		{20B936E3-2CFB-4CA9-8304-7FF2506B8BB3}.Debug|ARM.Deploy.0 = Debug|ARM
		{20B936E3-2CFB-4CA9-8304-7FF2506B8BB3}.Debug|x64.ActiveCfg = Debug|x64
		{20B936E3-2CFB-4CA9-8304-7FF2506B8BB3}.Debug|x64.Build.0 = Debug|x64
		{20B936E3-2CFB-4CA9-8304-7FF2506B8BB3}.Debug|x64.Deploy.0 = Debug|x64
		{20B936E3-2CFB-4CA9-8304-7FF2506B8BB3}.Debug|x86.ActiveCfg = Debug|x86
		{20B936E3-2CFB-4CA9-8304-7FF2506B8BB3}.Debug|x86.Build.0 = Debug|x86
		{20B936E3-2CFB-4CA9-8304-7FF2506B8BB3}.Debug|x86.Deploy.0 = Debug|x86
		{20B936E3-2CFB-4CA9-8304-7FF2506B8BB3}.Release|ARM.ActiveCfg = Release|ARM
		{20B936E3-2CFB-4CA9-8304-7FF2506B8BB3}.Release|ARM.Build.0 = Release|ARM
		{20B936E3-2CFB-4CA9-8304-7FF2506B8BB3}.Release|ARM.Deploy.0 = Release|ARM
		{20B936E3-2CFB-4CA9-8304-7FF2506B8BB3}.Release|x64.ActiveCfg = Release|x64
		{20B936E3-2CFB-4CA9-8304-7FF2506B8BB3}.Release|x64.Build.0 = Release|x64
		{20B936E3-2CFB-4CA9-8304-7FF2506B8BB3}.Release|x64.Deploy.0 = Release|x64
		{20B936E3-2CFB-4CA9-8304-7FF2506B8BB3}.Release|x86.ActiveCfg = Release|x86
		{20B936E3-2CFB-4CA9-8304-7FF2506B8BB3}.Release|x86.Build.0 = Release|x86
		{20B936E3-2CFB-4CA9-8304-7FF2506B8BB3}.Release|x86.Deploy.0 = Release|x86
		{C5B1C517-5650-4C5A-9ABD-AF6AE311C139}.Debug|ARM.ActiveCfg = Debug|ARM
		{C5B1C517-5650-4C5A-9ABD-AF6AE311C139}.Debug|ARM.Build.0 = Debug|ARM
		{C5B1C517-5650-4C5A-9ABD-AF6AE311C139}.Debug|ARM.Deploy.0 = Debug|ARM
		{C5B1C517-5650-4C5A-9ABD-AF6AE311C139}.Debug|x64.ActiveCfg = Debug|x64
		{C5B1C517-5650-4C5A-9ABD-AF6AE311C139}.Debug|x64.Build.0 = Debug|x64
		{C5B1C517-5650-4C5A-9ABD-AF6AE311C139}.Debug|x64.Deploy.0 = Debug|x64
		{C5B1C517-5650-4C5A-9ABD-AF6AE311C139}.Debug|x86.ActiveCfg = Debug|x86
		{C5B1C517-5650-4C5A-9ABD-AF6AE311C139}.Debug|x86.Build.0 = Debug|x86
		{C5B1C517-5650-4C5A-9ABD-AF6AE311C139}.Debug|x86.Deploy.0 = Debug|x86
		{C5B1C517-5650-4C5A-9ABD-AF6AE311C139}.Release|ARM.ActiveCfg = Release|ARM
		{C5B1C517-5650-4C5A-9ABD-AF6AE311C139}.Release|ARM.Build.0 = Release|ARM
		{C5B1C517-5650-4C5A-9ABD-AF6AE311C139}.Release|ARM.Deploy.0 = Release|ARM
		{C5B1C517-5650-4C5A-9ABD-AF6AE311C139}.Release|x64.ActiveCfg = Release|x64
		{C5B1C517-5650-4C5A-9ABD-AF6AE311C139}.Release|x64.Build.0 = Release|x64
		{C5B1C517-5650-4C5A-9ABD-AF6AE311C139}.Release|x64.Deploy.0 = Release|x64
		{C5B1C517-5650-4C5A-9ABD-AF6AE311C139}.Release|x86.ActiveCfg = Release|x86
		{C5B1C517-5650-4C5A-9ABD-AF6AE311C139}.Release|x86.Build.0 = Release|x86
		{C5B1C517-5650-4C5A-9ABD-AF6AE311C139}.Release|x86.Deploy.0 = Release|x86
		{D295716B-E956-4FF7-8CFA-65AAB5540C39}.Debug|ARM.ActiveCfg = Debug|ARM
		{D295716B-E956-4FF7-8CFA-65AAB5540C39}.Debug|ARM.Build.0 = Debug|ARM
		{D295716B-E956-4FF7-8CFA-65AAB5540C39}.Debug|ARM.Deploy.0 = Debug|ARM
		{D295716B-E956-4FF7-8CFA-65AAB5540C39}.Debug|x64.ActiveCfg = Debug|x64
		{D295716B-E956-4FF7-8CFA-65AAB5540C39}.Debug|x64.Build.0 = Debug|x64
		{D295716B-E956-4FF7-8CFA-65AAB5540C39}.Debug|x64.Deploy.0 = Debug|x64
		{D295716B-E956-4FF7-8CFA-65AAB5540C39}.Debug|x86.ActiveCfg = Debug|x86
		{D295716B-E956-4FF7-8CFA-65AAB5540C39}.Debug|x86.Build.0 = Debug|x86
		{D295716B-E956-4FF7-8CFA-65AAB5540C39}.Debug|x86.Deploy.0 = Debug|x86
		{D295716B-E956-4FF7-8CFA-65AAB5540C39}.Release|ARM.ActiveCfg = Release|ARM
		{D295716B-E956-4FF7-8CFA-65AAB5540C39}.Release|ARM.Build.0 = Release|ARM
		{D295716B-E956-4FF7-8CFA-65AAB5540C39}.Release|ARM.Deploy.0 = Release|ARM
		{D295716B-E956-4FF7-8CFA-65AAB5540C39}.Release|x64.ActiveCfg = Release|x64
		{D295716B-E956-4FF7-8CFA-65AAB5540C39}.Release|x64.Build.0 = Release|x64
		{D295716B-E956-4FF7-8CFA-65AAB5540C39}.Release|x64.Deploy.0 = Release|x64
		{D295716B-E956-4FF7-8CFA-65AAB5540C39}.Release|x86.ActiveCfg = Release|x86
		{D295716B-E956-4FF7-8CFA-65AAB5540C39}.Release|x86.Build.0 = Release|x86
		{D295716B-E956-4FF7-8CFA-65AAB5540C39}.Release|x86.Deploy.0 = Release|x86
		{CC4C96B1-876B-4E47-9035-718CB48AAB3C}.Debug|ARM.ActiveCfg = Debug|ARM
		{CC4C96B1-876B-4E47-9035-718CB48AAB3C}.Debug|ARM.Build.0 = Debug|ARM
		{CC4C96B1-876B-4E47-9035-718CB48AAB3C}.Debug|ARM.Deploy.0 = Debug|ARM
		{CC4C96B1-876B-4E47-9035-718CB48AAB3C}.Debug|x64.ActiveCfg = Debug|x64
		{CC4C96B1-876B-4E47-9035-718CB48AAB3C}.Debug|x64.Build.0 = Debug|x64
		{CC4C96B1-876B-4E47-9035-718CB48AAB3C}.Debug|x64.Deploy.0 = Debug|x64
		{CC4C96B1-876B-4E47-9035-718CB48AAB3C}.Debug|x86.ActiveCfg = Debug|x86
		{CC4C96B1-876B-4E47-9035-718CB48AAB3C}.Debug|x86.Build.0 = Debug|x86
		{CC4C96B1-876B-4E47-9035-718CB48AAB3C}.Debug|x86.Deploy.0 = Debug|x86
		{CC4C96B1-876B-4E47-9035-718CB48AAB3C}.Release|ARM.ActiveCfg = Release|ARM
		{CC4C96B1-876B-4E47-9035-718CB48AAB3C}.Release|ARM.Build.0 = Release|ARM
		{CC4C96B1-876B-4E47-9035-718CB48AAB3C}.Release|ARM.Deploy.0 = Release|ARM
		{CC4C96B1-876B-4E47-9035-718CB48AAB3C}.Release|x64.ActiveCfg = Release|x64
		{CC4C96B1-876B-4E47-9035-718CB48AAB3C}.Release|x64.Build.0 = Release|x64
		{CC4C96B1-876B-4E47-9035-718CB48AAB3C}.Release|x64.Deploy.0 = Release|x64
		{CC4C96B1-876B-4E47-9035-718CB48AAB3C}.Release|x86.ActiveCfg = Release|x86
		{CC4C96B1-876B-4E47-9035-718CB48AAB3C}.Release|x86.Build.0 = Release|x86
		{CC4C96B1-876B-4E47-9035-718CB48AAB3C}.Release|x86.Deploy.0 = Release|x86
		{A375A1F0-B309-418F-83D3-F01D1C94FB0D}.Debug|ARM.ActiveCfg = Debug|ARM
		{A375A1F0-B309-418F-83D3-F01D1C94FB0D}.Debug|ARM.Build.0 = Debug|ARM
		{A375A1F0-B309-418F-83D3-F01D1C94FB0D}.Debug|ARM.Deploy.0 = Debug|ARM
		{A375A1F0-B309-418F-83D3-F01D1C94FB0D}.Debug|x64.ActiveCfg = Debug|x64
		{A375A1F0-B309-418F-83D3-F01D1C94FB0D}.Debug|x64.Build.0 = Debug|x64
		{A375A1F0-B309-418F-83D3-F01D1C94FB0D}.Debug|x64.Deploy.0 = Debug|x64
		{A375A1F0-B309-418F-83D3-F01D1C94FB0D}.Debug|x86.ActiveCfg = Debug|x86
		{A375A1F0-B309-418F-83D3-F01D1C94FB0D}.Debug|x86.Build.0 = Debug|x86
		{A375A1F0-B309-418F-83D3-F01D1C94FB0D}.Debug|x86.Deploy.0 = Debug|x86
		{A375A1F0-B309-418F-83D3-F01D1C94FB0D}.Release|ARM.ActiveCfg = Release|ARM
		{A375A1F0-B309-418F-83D3-F01D1C94FB0D}.Release|ARM.Build.0 = Release|ARM
		{A375A1F0-B309-418F-83D3-F01D1C94FB0D}.Release|ARM.Deploy.0 = Release|ARM
		{A375A1F0-B309-418F-83D3-F01D1C94FB0D}.Release|x64.ActiveCfg = Release|x64
		{A375A1F0-B309-418F-83D3-F01D1C94FB0D}.Release|x64.Build.0 = Release|x64
		{A375A1F0-B309-418F-83D3-F01D1C94FB0D}.Release|x64.Deploy.0 = Release|x64
		{A375A1F0-B309-418F-83D3-F01D1C94FB0D}.Release|x86.ActiveCfg = Release|x86
		{A375A1F0-B309-418F-83D3-F01D1C94FB0D}.Release|x86.Build.0 = Release|x86
		{A375A1F0-B309-418F-83D3-F01D1C94FB0D}.Release|x86.Deploy.0 = Release|x86
	EndGlobalSection
	GlobalSection(SolutionProperties) = preSolution
		HideSolutionNode = FALSE
	EndGlobalSection
EndGlobal
